
Microsoft Visual Studio Solution File, Format Version 12.00
# Visual Studio 2012
Project("{FAE04EC0-301F-11D3-BF4B-00C04F79EFBC}") = "INIFile", "INIFile\INIFile.csproj", "{821685F6-1656-4655-86C8-67438365F049}"
EndProject
Global
	GlobalSection(SolutionConfigurationPlatforms) = preSolution
		Debug|Any CPU = Debug|Any CPU
		Release|Any CPU = Release|Any CPU
	EndGlobalSection
	GlobalSection(ProjectConfigurationPlatforms) = postSolution
		{821685F6-1656-4655-86C8-67438365F049}.Debug|Any CPU.ActiveCfg = Release|Any CPU
		{821685F6-1656-4655-86C8-67438365F049}.Debug|Any CPU.Build.0 = Release|Any CPU
		{821685F6-1656-4655-86C8-67438365F049}.Release|Any CPU.ActiveCfg = Release|Any CPU
		{821685F6-1656-4655-86C8-67438365F049}.Release|Any CPU.Build.0 = Release|Any CPU
	EndGlobalSection
	GlobalSection(SolutionProperties) = preSolution
		HideSolutionNode = FALSE
	EndGlobalSection
EndGlobal
